
Microsoft Visual Studio Solution File, Format Version 12.00
# Visual Studio Version 17
VisualStudioVersion = 17.0.31903.59
MinimumVisualStudioVersion = 10.0.40219.1
Project("{9A19103F-16F7-4668-BE54-9A1E7A4F7556}") = "01-WordCounter", "01-WordCounter\01-WordCounter.csproj", "{44379010-9DA3-42BE-BA44-88BDE6FE0EDE}"
EndProject
Project("{9A19103F-16F7-4668-BE54-9A1E7A4F7556}") = "02-WordFrequencyCounter", "02-WordFrequencyCounter\02-WordFrequencyCounter.csproj", "{7A67C782-A304-4DD2-A4A1-22960CE9BDE8}"
EndProject
Project("{9A19103F-16F7-4668-BE54-9A1E7A4F7556}") = "03-BlockAligner", "03-BlockAligner\03-BlockAligner.csproj", "{02659D61-C9D5-48F6-B478-EA6D44759114}"
EndProject
Project("{9A19103F-16F7-4668-BE54-9A1E7A4F7556}") = "04-MultifileAligner", "04-MultifileAligner\04-MultifileAligner.csproj", "{E30273E7-9538-4DE1-9462-52E172DF76C2}"
EndProject
Project("{9A19103F-16F7-4668-BE54-9A1E7A4F7556}") = "05-Nezarka.Net", "05-Nezarka.Net\05-Nezarka.Net.csproj", "{A5D93DE6-5519-4CC8-B2CB-AA8316669116}"
EndProject
Project("{9A19103F-16F7-4668-BE54-9A1E7A4F7556}") = "06-BugFinding", "05.1-BugFinding\06-BugFinding.csproj", "{22649ED8-C43D-47B3-B3EF-8AAD1C81E437}"
EndProject
Project("{9A19103F-16F7-4668-BE54-9A1E7A4F7556}") = "07-Huffman-I", "07-Huffman-I\07-Huffman-I.csproj", "{E02C0197-0CE9-4589-91C2-7861CE7ED49B}"
EndProject
Project("{9A19103F-16F7-4668-BE54-9A1E7A4F7556}") = "08-Huffman-II", "08-Huffman-II\08-Huffman-II.csproj", "{6FC6D360-2A20-4149-80D2-43AF4F80A389}"
EndProject
Project("{9A19103F-16F7-4668-BE54-9A1E7A4F7556}") = "28-Huffman-II-Breaker", "28-Huffman-II-Breaker\28-Huffman-II-Breaker.csproj", "{87D53FCA-DCB1-48DF-A376-C153E441F4B4}"
EndProject
Project("{FAE04EC0-301F-11D3-BF4B-00C04F79EFBC}") = "09-Excel", "09-Excel\09-Excel.csproj", "{A1695301-1F41-40DF-B7BF-0E3CF6B31F4D}"
EndProject
Project("{FAE04EC0-301F-11D3-BF4B-00C04F79EFBC}") = "10-Huffman-III", "10-Huffman-III\10-Huffman-III.csproj", "{5A750B0F-E747-4706-8316-1C0D8FFE0A8B}"
EndProject
Global
	GlobalSection(SolutionConfigurationPlatforms) = preSolution
		Debug|Any CPU = Debug|Any CPU
		Release|Any CPU = Release|Any CPU
	EndGlobalSection
	GlobalSection(ProjectConfigurationPlatforms) = postSolution
		{44379010-9DA3-42BE-BA44-88BDE6FE0EDE}.Debug|Any CPU.ActiveCfg = Debug|Any CPU
		{44379010-9DA3-42BE-BA44-88BDE6FE0EDE}.Debug|Any CPU.Build.0 = Debug|Any CPU
		{44379010-9DA3-42BE-BA44-88BDE6FE0EDE}.Release|Any CPU.ActiveCfg = Release|Any CPU
		{44379010-9DA3-42BE-BA44-88BDE6FE0EDE}.Release|Any CPU.Build.0 = Release|Any CPU
		{7A67C782-A304-4DD2-A4A1-22960CE9BDE8}.Debug|Any CPU.ActiveCfg = Debug|Any CPU
		{7A67C782-A304-4DD2-A4A1-22960CE9BDE8}.Debug|Any CPU.Build.0 = Debug|Any CPU
		{7A67C782-A304-4DD2-A4A1-22960CE9BDE8}.Release|Any CPU.ActiveCfg = Release|Any CPU
		{7A67C782-A304-4DD2-A4A1-22960CE9BDE8}.Release|Any CPU.Build.0 = Release|Any CPU
		{02659D61-C9D5-48F6-B478-EA6D44759114}.Debug|Any CPU.ActiveCfg = Debug|Any CPU
		{02659D61-C9D5-48F6-B478-EA6D44759114}.Debug|Any CPU.Build.0 = Debug|Any CPU
		{02659D61-C9D5-48F6-B478-EA6D44759114}.Release|Any CPU.ActiveCfg = Release|Any CPU
		{02659D61-C9D5-48F6-B478-EA6D44759114}.Release|Any CPU.Build.0 = Release|Any CPU
		{E30273E7-9538-4DE1-9462-52E172DF76C2}.Debug|Any CPU.ActiveCfg = Debug|Any CPU
		{E30273E7-9538-4DE1-9462-52E172DF76C2}.Debug|Any CPU.Build.0 = Debug|Any CPU
		{E30273E7-9538-4DE1-9462-52E172DF76C2}.Release|Any CPU.ActiveCfg = Release|Any CPU
		{E30273E7-9538-4DE1-9462-52E172DF76C2}.Release|Any CPU.Build.0 = Release|Any CPU
		{A5D93DE6-5519-4CC8-B2CB-AA8316669116}.Debug|Any CPU.ActiveCfg = Debug|Any CPU
		{A5D93DE6-5519-4CC8-B2CB-AA8316669116}.Debug|Any CPU.Build.0 = Debug|Any CPU
		{A5D93DE6-5519-4CC8-B2CB-AA8316669116}.Release|Any CPU.ActiveCfg = Release|Any CPU
		{A5D93DE6-5519-4CC8-B2CB-AA8316669116}.Release|Any CPU.Build.0 = Release|Any CPU
		{22649ED8-C43D-47B3-B3EF-8AAD1C81E437}.Debug|Any CPU.ActiveCfg = Debug|Any CPU
		{22649ED8-C43D-47B3-B3EF-8AAD1C81E437}.Debug|Any CPU.Build.0 = Debug|Any CPU
		{22649ED8-C43D-47B3-B3EF-8AAD1C81E437}.Release|Any CPU.ActiveCfg = Release|Any CPU
		{22649ED8-C43D-47B3-B3EF-8AAD1C81E437}.Release|Any CPU.Build.0 = Release|Any CPU
		{E02C0197-0CE9-4589-91C2-7861CE7ED49B}.Debug|Any CPU.ActiveCfg = Debug|Any CPU
		{E02C0197-0CE9-4589-91C2-7861CE7ED49B}.Debug|Any CPU.Build.0 = Debug|Any CPU
		{E02C0197-0CE9-4589-91C2-7861CE7ED49B}.Release|Any CPU.ActiveCfg = Release|Any CPU
		{E02C0197-0CE9-4589-91C2-7861CE7ED49B}.Release|Any CPU.Build.0 = Release|Any CPU
		{6FC6D360-2A20-4149-80D2-43AF4F80A389}.Debug|Any CPU.ActiveCfg = Debug|Any CPU
		{6FC6D360-2A20-4149-80D2-43AF4F80A389}.Debug|Any CPU.Build.0 = Debug|Any CPU
		{6FC6D360-2A20-4149-80D2-43AF4F80A389}.Release|Any CPU.ActiveCfg = Release|Any CPU
		{6FC6D360-2A20-4149-80D2-43AF4F80A389}.Release|Any CPU.Build.0 = Release|Any CPU
		{87D53FCA-DCB1-48DF-A376-C153E441F4B4}.Debug|Any CPU.ActiveCfg = Debug|Any CPU
		{87D53FCA-DCB1-48DF-A376-C153E441F4B4}.Debug|Any CPU.Build.0 = Debug|Any CPU
		{87D53FCA-DCB1-48DF-A376-C153E441F4B4}.Release|Any CPU.ActiveCfg = Release|Any CPU
		{87D53FCA-DCB1-48DF-A376-C153E441F4B4}.Release|Any CPU.Build.0 = Release|Any CPU
		{A1695301-1F41-40DF-B7BF-0E3CF6B31F4D}.Debug|Any CPU.ActiveCfg = Debug|Any CPU
		{A1695301-1F41-40DF-B7BF-0E3CF6B31F4D}.Debug|Any CPU.Build.0 = Debug|Any CPU
		{A1695301-1F41-40DF-B7BF-0E3CF6B31F4D}.Release|Any CPU.ActiveCfg = Release|Any CPU
		{A1695301-1F41-40DF-B7BF-0E3CF6B31F4D}.Release|Any CPU.Build.0 = Release|Any CPU
		{5A750B0F-E747-4706-8316-1C0D8FFE0A8B}.Debug|Any CPU.ActiveCfg = Debug|Any CPU
		{5A750B0F-E747-4706-8316-1C0D8FFE0A8B}.Debug|Any CPU.Build.0 = Debug|Any CPU
		{5A750B0F-E747-4706-8316-1C0D8FFE0A8B}.Release|Any CPU.ActiveCfg = Release|Any CPU
		{5A750B0F-E747-4706-8316-1C0D8FFE0A8B}.Release|Any CPU.Build.0 = Release|Any CPU
	EndGlobalSection
	GlobalSection(SolutionProperties) = preSolution
		HideSolutionNode = FALSE
	EndGlobalSection
	GlobalSection(ExtensibilityGlobals) = postSolution
		SolutionGuid = {E7430F0B-49F7-4937-9792-EC299DF88416}
	EndGlobalSection
EndGlobal
